
Microsoft Visual Studio Solution File, Format Version 12.00
# Visual Studio Version 17
VisualStudioVersion = 17.9.34616.47
MinimumVisualStudioVersion = 10.0.40219.1
Project("{FAE04EC0-301F-11D3-BF4B-00C04F79EFBC}") = "ReactAppPPT.Server", "ReactAppPPT.Server\ReactAppPPT.Server.csproj", "{5BEC051E-0328-419E-A0F4-F1CFF3AE1334}"
EndProject
Project("{54A90642-561A-4BB1-A94E-469ADEE60C69}") = "reactappppt.client", "reactappppt.client\reactappppt.client.esproj", "{D00ED87C-3396-43E6-9A3A-2F6B484E977B}"
EndProject
Global
	GlobalSection(SolutionConfigurationPlatforms) = preSolution
		Debug|Any CPU = Debug|Any CPU
		Release|Any CPU = Release|Any CPU
	EndGlobalSection
	GlobalSection(ProjectConfigurationPlatforms) = postSolution
		{5BEC051E-0328-419E-A0F4-F1CFF3AE1334}.Debug|Any CPU.ActiveCfg = Debug|Any CPU
		{5BEC051E-0328-419E-A0F4-F1CFF3AE1334}.Debug|Any CPU.Build.0 = Debug|Any CPU
		{5BEC051E-0328-419E-A0F4-F1CFF3AE1334}.Release|Any CPU.ActiveCfg = Release|Any CPU
		{5BEC051E-0328-419E-A0F4-F1CFF3AE1334}.Release|Any CPU.Build.0 = Release|Any CPU
		{D00ED87C-3396-43E6-9A3A-2F6B484E977B}.Debug|Any CPU.ActiveCfg = Debug|Any CPU
		{D00ED87C-3396-43E6-9A3A-2F6B484E977B}.Debug|Any CPU.Build.0 = Debug|Any CPU
		{D00ED87C-3396-43E6-9A3A-2F6B484E977B}.Debug|Any CPU.Deploy.0 = Debug|Any CPU
		{D00ED87C-3396-43E6-9A3A-2F6B484E977B}.Release|Any CPU.ActiveCfg = Release|Any CPU
		{D00ED87C-3396-43E6-9A3A-2F6B484E977B}.Release|Any CPU.Build.0 = Release|Any CPU
		{D00ED87C-3396-43E6-9A3A-2F6B484E977B}.Release|Any CPU.Deploy.0 = Release|Any CPU
	EndGlobalSection
	GlobalSection(SolutionProperties) = preSolution
		HideSolutionNode = FALSE
	EndGlobalSection
	GlobalSection(ExtensibilityGlobals) = postSolution
		SolutionGuid = {C7877B1E-2DB6-44CA-88C3-566BA243A86B}
	EndGlobalSection
EndGlobal
